// !$*UTF8*$!
{
	archiveVersion = 1;
	classes = {
	};
	objectVersion = 50;
	objects = {

/* Begin PBXBuildFile section */
		CF5BE67221C2384B000B6BA3 /* AppDelegate.swift in Sources */ = {isa = PBXBuildFile; fileRef = CF5BE67121C2384B000B6BA3 /* AppDelegate.swift */; };
		CF5BE67421C2384B000B6BA3 /* ViewController.swift in Sources */ = {isa = PBXBuildFile; fileRef = CF5BE67321C2384B000B6BA3 /* ViewController.swift */; };
		CF5BE67721C2384B000B6BA3 /* Main.storyboard in Resources */ = {isa = PBXBuildFile; fileRef = CF5BE67521C2384B000B6BA3 /* Main.storyboard */; };
		CF5BE67921C2384C000B6BA3 /* Assets.xcassets in Resources */ = {isa = PBXBuildFile; fileRef = CF5BE67821C2384C000B6BA3 /* Assets.xcassets */; };
		CF5BE67C21C2384C000B6BA3 /* LaunchScreen.storyboard in Resources */ = {isa = PBXBuildFile; fileRef = CF5BE67A21C2384C000B6BA3 /* LaunchScreen.storyboard */; };
		CF5BE68721C2384C000B6BA3 /* SwiftCode10UITests.swift in Sources */ = {isa = PBXBuildFile; fileRef = CF5BE68621C2384C000B6BA3 /* SwiftCode10UITests.swift */; };
		CF8390E821CC971D00532D85 /* TypeCastingVC.swift in Sources */ = {isa = PBXBuildFile; fileRef = CF8390E721CC971D00532D85 /* TypeCastingVC.swift */; };
/* End PBXBuildFile section */

/* Begin PBXContainerItemProxy section */
		CF5BE68321C2384C000B6BA3 /* PBXContainerItemProxy */ = {
			isa = PBXContainerItemProxy;
			containerPortal = CF5BE66621C2384B000B6BA3 /* Project object */;
			proxyType = 1;
			remoteGlobalIDString = CF5BE66D21C2384B000B6BA3;
			remoteInfo = SwiftCode10;
		};
/* End PBXContainerItemProxy section */

/* Begin PBXFileReference section */
		CF5BE66E21C2384B000B6BA3 /* SwiftCode10.app */ = {isa = PBXFileReference; explicitFileType = wrapper.application; includeInIndex = 0; path = SwiftCode10.app; sourceTree = BUILT_PRODUCTS_DIR; };
		CF5BE67121C2384B000B6BA3 /* AppDelegate.swift */ = {isa = PBXFileReference; lastKnownFileType = sourcecode.swift; path = AppDelegate.swift; sourceTree = "<group>"; };
		CF5BE67321C2384B000B6BA3 /* ViewController.swift */ = {isa = PBXFileReference; lastKnownFileType = sourcecode.swift; path = ViewController.swift; sourceTree = "<group>"; };
		CF5BE67621C2384B000B6BA3 /* Base */ = {isa = PBXFileReference; lastKnownFileType = file.storyboard; name = Base; path = Base.lproj/Main.storyboard; sourceTree = "<group>"; };
		CF5BE67821C2384C000B6BA3 /* Assets.xcassets */ = {isa = PBXFileReference; lastKnownFileType = folder.assetcatalog; path = Assets.xcassets; sourceTree = "<group>"; };
		CF5BE67B21C2384C000B6BA3 /* Base */ = {isa = PBXFileReference; lastKnownFileType = file.storyboard; name = Base; path = Base.lproj/LaunchScreen.storyboard; sourceTree = "<group>"; };
		CF5BE67D21C2384C000B6BA3 /* Info.plist */ = {isa = PBXFileReference; lastKnownFileType = text.plist.xml; path = Info.plist; sourceTree = "<group>"; };
		CF5BE68221C2384C000B6BA3 /* SwiftCode10UITests.xctest */ = {isa = PBXFileReference; explicitFileType = wrapper.cfbundle; includeInIndex = 0; path = SwiftCode10UITests.xctest; sourceTree = BUILT_PRODUCTS_DIR; };
		CF5BE68621C2384C000B6BA3 /* SwiftCode10UITests.swift */ = {isa = PBXFileReference; lastKnownFileType = sourcecode.swift; path = SwiftCode10UITests.swift; sourceTree = "<group>"; };
		CF5BE68821C2384C000B6BA3 /* Info.plist */ = {isa = PBXFileReference; lastKnownFileType = text.plist.xml; path = Info.plist; sourceTree = "<group>"; };
		CF8390E721CC971D00532D85 /* TypeCastingVC.swift */ = {isa = PBXFileReference; lastKnownFileType = sourcecode.swift; path = TypeCastingVC.swift; sourceTree = "<group>"; wrapsLines = 1; };
/* End PBXFileReference section */

/* Begin PBXFrameworksBuildPhase section */
		CF5BE66B21C2384B000B6BA3 /* Frameworks */ = {
			isa = PBXFrameworksBuildPhase;
			buildActionMask = 2147483647;
			files = (
			);
			runOnlyForDeploymentPostprocessing = 0;
		};
		CF5BE67F21C2384C000B6BA3 /* Frameworks */ = {
			isa = PBXFrameworksBuildPhase;
			buildActionMask = 2147483647;
			files = (
			);
			runOnlyForDeploymentPostprocessing = 0;
		};
/* End PBXFrameworksBuildPhase section */

/* Begin PBXGroup section */
		CF5BE66521C2384B000B6BA3 = {
			isa = PBXGroup;
			children = (
				CF5BE67021C2384B000B6BA3 /* SwiftCode10 */,
				CF5BE68521C2384C000B6BA3 /* SwiftCode10UITests */,
				CF5BE66F21C2384B000B6BA3 /* Products */,
			);
			sourceTree = "<group>";
		};
		CF5BE66F21C2384B000B6BA3 /* Products */ = {
			isa = PBXGroup;
			children = (
				CF5BE66E21C2384B000B6BA3 /* SwiftCode10.app */,
				CF5BE68221C2384C000B6BA3 /* SwiftCode10UITests.xctest */,
			);
			name = Products;
			sourceTree = "<group>";
		};
		CF5BE67021C2384B000B6BA3 /* SwiftCode10 */ = {
			isa = PBXGroup;
			children = (
				CF5BE67121C2384B000B6BA3 /* AppDelegate.swift */,
				CF5BE67321C2384B000B6BA3 /* ViewController.swift */,
				CF8390E721CC971D00532D85 /* TypeCastingVC.swift */,
				CF5BE67521C2384B000B6BA3 /* Main.storyboard */,
				CF5BE67821C2384C000B6BA3 /* Assets.xcassets */,
				CF5BE67A21C2384C000B6BA3 /* LaunchScreen.storyboard */,
				CF5BE67D21C2384C000B6BA3 /* Info.plist */,
			);
			path = SwiftCode10;
			sourceTree = "<group>";
		};
		CF5BE68521C2384C000B6BA3 /* SwiftCode10UITests */ = {
			isa = PBXGroup;
			children = (
				CF5BE68621C2384C000B6BA3 /* SwiftCode10UITests.swift */,
				CF5BE68821C2384C000B6BA3 /* Info.plist */,
			);
			path = SwiftCode10UITests;
			sourceTree = "<group>";
		};
/* End PBXGroup section */

/* Begin PBXNativeTarget section */
		CF5BE66D21C2384B000B6BA3 /* SwiftCode10 */ = {
			isa = PBXNativeTarget;
			buildConfigurationList = CF5BE68B21C2384C000B6BA3 /* Build configuration list for PBXNativeTarget "SwiftCode10" */;
			buildPhases = (
				CF5BE66A21C2384B000B6BA3 /* Sources */,
				CF5BE66B21C2384B000B6BA3 /* Frameworks */,
				CF5BE66C21C2384B000B6BA3 /* Resources */,
			);
			buildRules = (
			);
			dependencies = (
			);
			name = SwiftCode10;
			productName = SwiftCode10;
			productReference = CF5BE66E21C2384B000B6BA3 /* SwiftCode10.app */;
			productType = "com.apple.product-type.application";
		};
		CF5BE68121C2384C000B6BA3 /* SwiftCode10UITests */ = {
			isa = PBXNativeTarget;
			buildConfigurationList = CF5BE68E21C2384C000B6BA3 /* Build configuration list for PBXNativeTarget "SwiftCode10UITests" */;
			buildPhases = (
				CF5BE67E21C2384C000B6BA3 /* Sources */,
				CF5BE67F21C2384C000B6BA3 /* Frameworks */,
				CF5BE68021C2384C000B6BA3 /* Resources */,
			);
			buildRules = (
			);
			dependencies = (
				CF5BE68421C2384C000B6BA3 /* PBXTargetDependency */,
			);
			name = SwiftCode10UITests;
			productName = SwiftCode10UITests;
			productReference = CF5BE68221C2384C000B6BA3 /* SwiftCode10UITests.xctest */;
			productType = "com.apple.product-type.bundle.ui-testing";
		};
/* End PBXNativeTarget section */

/* Begin PBXProject section */
		CF5BE66621C2384B000B6BA3 /* Project object */ = {
			isa = PBXProject;
			attributes = {
				LastSwiftUpdateCheck = 1000;
				LastUpgradeCheck = 1000;
				ORGANIZATIONNAME = "李慧娟";
				TargetAttributes = {
					CF5BE66D21C2384B000B6BA3 = {
						CreatedOnToolsVersion = 10.0;
					};
					CF5BE68121C2384C000B6BA3 = {
						CreatedOnToolsVersion = 10.0;
						TestTargetID = CF5BE66D21C2384B000B6BA3;
					};
				};
			};
			buildConfigurationList = CF5BE66921C2384B000B6BA3 /* Build configuration list for PBXProject "SwiftCode10" */;
			compatibilityVersion = "Xcode 9.3";
			developmentRegion = en;
			hasScannedForEncodings = 0;
			knownRegions = (
				en,
				Base,
			);
			mainGroup = CF5BE66521C2384B000B6BA3;
			productRefGroup = CF5BE66F21C2384B000B6BA3 /* Products */;
			projectDirPath = "";
			projectRoot = "";
			targets = (
				CF5BE66D21C2384B000B6BA3 /* SwiftCode10 */,
				CF5BE68121C2384C000B6BA3 /* SwiftCode10UITests */,
			);
		};
/* End PBXProject section */

/* Begin PBXResourcesBuildPhase section */
		CF5BE66C21C2384B000B6BA3 /* Resources */ = {
			isa = PBXResourcesBuildPhase;
			buildActionMask = 2147483647;
			files = (
				CF5BE67C21C2384C000B6BA3 /* LaunchScreen.storyboard in Resources */,
				CF5BE67921C2384C000B6BA3 /* Assets.xcassets in Resources */,
				CF5BE67721C2384B000B6BA3 /* Main.storyboard in Resources */,
			);
			runOnlyForDeploymentPostprocessing = 0;
		};
		CF5BE68021C2384C000B6BA3 /* Resources */ = {
			isa = PBXResourcesBuildPhase;
			buildActionMask = 2147483647;
			files = (
			);
			runOnlyForDeploymentPostprocessing = 0;
		};
/* End PBXResourcesBuildPhase section */

/* Begin PBXSourcesBuildPhase section */
		CF5BE66A21C2384B000B6BA3 /* Sources */ = {
			isa = PBXSourcesBuildPhase;
			buildActionMask = 2147483647;
			files = (
				CF8390E821CC971D00532D85 /* TypeCastingVC.swift in Sources */,
				CF5BE67421C2384B000B6BA3 /* ViewController.swift in Sources */,
				CF5BE67221C2384B000B6BA3 /* AppDelegate.swift in Sources */,
			);
			runOnlyForDeploymentPostprocessing = 0;
		};
		CF5BE67E21C2384C000B6BA3 /* Sources */ = {
			isa = PBXSourcesBuildPhase;
			buildActionMask = 2147483647;
			files = (
				CF5BE68721C2384C000B6BA3 /* SwiftCode10UITests.swift in Sources */,
			);
			runOnlyForDeploymentPostprocessing = 0;
		};
/* End PBXSourcesBuildPhase section */

/* Begin PBXTargetDependency section */
		CF5BE68421C2384C000B6BA3 /* PBXTargetDependency */ = {
			isa = PBXTargetDependency;
			target = CF5BE66D21C2384B000B6BA3 /* SwiftCode10 */;
			targetProxy = CF5BE68321C2384C000B6BA3 /* PBXContainerItemProxy */;
		};
/* End PBXTargetDependency section */

/* Begin PBXVariantGroup section */
		CF5BE67521C2384B000B6BA3 /* Main.storyboard */ = {
			isa = PBXVariantGroup;
			children = (
				CF5BE67621C2384B000B6BA3 /* Base */,
			);
			name = Main.storyboard;
			sourceTree = "<group>";
		};
		CF5BE67A21C2384C000B6BA3 /* LaunchScreen.storyboard */ = {
			isa = PBXVariantGroup;
			children = (
				CF5BE67B21C2384C000B6BA3 /* Base */,
			);
			name = LaunchScreen.storyboard;
			sourceTree = "<group>";
		};
/* End PBXVariantGroup section */

/* Begin XCBuildConfiguration section */
		CF5BE68921C2384C000B6BA3 /* Debug */ = {
			isa = XCBuildConfiguration;
			buildSettings = {
				ALWAYS_SEARCH_USER_PATHS = NO;
				CLANG_ANALYZER_NONNULL = YES;
				CLANG_ANALYZER_NUMBER_OBJECT_CONVERSION = YES_AGGRESSIVE;
				CLANG_CXX_LANGUAGE_STANDARD = "gnu++14";
				CLANG_CXX_LIBRARY = "libc++";
				CLANG_ENABLE_MODULES = YES;
				CLANG_ENABLE_OBJC_ARC = YES;
				CLANG_ENABLE_OBJC_WEAK = YES;
				CLANG_WARN_BLOCK_CAPTURE_AUTORELEASING = YES;
				CLANG_WARN_BOOL_CONVERSION = YES;
				CLANG_WARN_COMMA = YES;
				CLANG_WARN_CONSTANT_CONVERSION = YES;
				CLANG_WARN_DEPRECATED_OBJC_IMPLEMENTATIONS = YES;
				CLANG_WARN_DIRECT_OBJC_ISA_USAGE = YES_ERROR;
				CLANG_WARN_DOCUMENTATION_COMMENTS = YES;
				CLANG_WARN_EMPTY_BODY = YES;
				CLANG_WARN_ENUM_CONVERSION = YES;
				CLANG_WARN_INFINITE_RECURSION = YES;
				CLANG_WARN_INT_CONVERSION = YES;
				CLANG_WARN_NON_LITERAL_NULL_CONVERSION = YES;
				CLANG_WARN_OBJC_IMPLICIT_RETAIN_SELF = YES;
				CLANG_WARN_OBJC_LITERAL_CONVERSION = YES;
				CLANG_WARN_OBJC_ROOT_CLASS = YES_ERROR;
				CLANG_WARN_RANGE_LOOP_ANALYSIS = YES;
				CLANG_WARN_STRICT_PROTOTYPES = YES;
				CLANG_WARN_SUSPICIOUS_MOVE = YES;
				CLANG_WARN_UNGUARDED_AVAILABILITY = YES_AGGRESSIVE;
				CLANG_WARN_UNREACHABLE_CODE = YES;
				CLANG_WARN__DUPLICATE_METHOD_MATCH = YES;
				CODE_SIGN_IDENTITY = "iPhone Developer";
				COPY_PHASE_STRIP = NO;
				DEBUG_INFORMATION_FORMAT = dwarf;
				ENABLE_STRICT_OBJC_MSGSEND = YES;
				ENABLE_TESTABILITY = YES;
				GCC_C_LANGUAGE_STANDARD = gnu11;
				GCC_DYNAMIC_NO_PIC = NO;
				GCC_NO_COMMON_BLOCKS = YES;
				GCC_OPTIMIZATION_LEVEL = 0;
				GCC_PREPROCESSOR_DEFINITIONS = (
					"DEBUG=1",
					"$(inherited)",
				);
				GCC_WARN_64_TO_32_BIT_CONVERSION = YES;
				GCC_WARN_ABOUT_RETURN_TYPE = YES_ERROR;
				GCC_WARN_UNDECLARED_SELECTOR = YES;
				GCC_WARN_UNINITIALIZED_AUTOS = YES_AGGRESSIVE;
				GCC_WARN_UNUSED_FUNCTION = YES;
				GCC_WARN_UNUSED_VARIABLE = YES;
				IPHONEOS_DEPLOYMENT_TARGET = 12.0;
				MTL_ENABLE_DEBUG_INFO = INCLUDE_SOURCE;
				MTL_FAST_MATH = YES;
				ONLY_ACTIVE_ARCH = YES;
				SDKROOT = iphoneos;
				SWIFT_ACTIVE_COMPILATION_CONDITIONS = DEBUG;
				SWIFT_OPTIMIZATION_LEVEL = "-Onone";
			};
			name = Debug;
		};
		CF5BE68A21C2384C000B6BA3 /* Release */ = {
			isa = XCBuildConfiguration;
			buildSettings = {
				ALWAYS_SEARCH_USER_PATHS = NO;
				CLANG_ANALYZER_NONNULL = YES;
				CLANG_ANALYZER_NUMBER_OBJECT_CONVERSION = YES_AGGRESSIVE;
				CLANG_CXX_LANGUAGE_STANDARD = "gnu++14";
				CLANG_CXX_LIBRARY = "libc++";
				CLANG_ENABLE_MODULES = YES;
				CLANG_ENABLE_OBJC_ARC = YES;
				CLANG_ENABLE_OBJC_WEAK = YES;
				CLANG_WARN_BLOCK_CAPTURE_AUTORELEASING = YES;
				CLANG_WARN_BOOL_CONVERSION = YES;
				CLANG_WARN_COMMA = YES;
				CLANG_WARN_CONSTANT_CONVERSION = YES;
				CLANG_WARN_DEPRECATED_OBJC_IMPLEMENTATIONS = YES;
				CLANG_WARN_DIRECT_OBJC_ISA_USAGE = YES_ERROR;
				CLANG_WARN_DOCUMENTATION_COMMENTS = YES;
				CLANG_WARN_EMPTY_BODY = YES;
				CLANG_WARN_ENUM_CONVERSION = YES;
				CLANG_WARN_INFINITE_RECURSION = YES;
				CLANG_WARN_INT_CONVERSION = YES;
				CLANG_WARN_NON_LITERAL_NULL_CONVERSION = YES;
				CLANG_WARN_OBJC_IMPLICIT_RETAIN_SELF = YES;
				CLANG_WARN_OBJC_LITERAL_CONVERSION = YES;
				CLANG_WARN_OBJC_ROOT_CLASS = YES_ERROR;
				CLANG_WARN_RANGE_LOOP_ANALYSIS = YES;
				CLANG_WARN_STRICT_PROTOTYPES = YES;
				CLANG_WARN_SUSPICIOUS_MOVE = YES;
				CLANG_WARN_UNGUARDED_AVAILABILITY = YES_AGGRESSIVE;
				CLANG_WARN_UNREACHABLE_CODE = YES;
				CLANG_WARN__DUPLICATE_METHOD_MATCH = YES;
				CODE_SIGN_IDENTITY = "iPhone Developer";
				COPY_PHASE_STRIP = NO;
				DEBUG_INFORMATION_FORMAT = "dwarf-with-dsym";
				ENABLE_NS_ASSERTIONS = NO;
				ENABLE_STRICT_OBJC_MSGSEND = YES;
				GCC_C_LANGUAGE_STANDARD = gnu11;
				GCC_NO_COMMON_BLOCKS = YES;
				GCC_WARN_64_TO_32_BIT_CONVERSION = YES;
				GCC_WARN_ABOUT_RETURN_TYPE = YES_ERROR;
				GCC_WARN_UNDECLARED_SELECTOR = YES;
				GCC_WARN_UNINITIALIZED_AUTOS = YES_AGGRESSIVE;
				GCC_WARN_UNUSED_FUNCTION = YES;
				GCC_WARN_UNUSED_VARIABLE = YES;
				IPHONEOS_DEPLOYMENT_TARGET = 12.0;
				MTL_ENABLE_DEBUG_INFO = NO;
				MTL_FAST_MATH = YES;
				SDKROOT = iphoneos;
				SWIFT_COMPILATION_MODE = wholemodule;
				SWIFT_OPTIMIZATION_LEVEL = "-O";
				VALIDATE_PRODUCT = YES;
			};
			name = Release;
		};
		CF5BE68C21C2384C000B6BA3 /* Debug */ = {
			isa = XCBuildConfiguration;
			buildSettings = {
				ASSETCATALOG_COMPILER_APPICON_NAME = AppIcon;
				CODE_SIGN_STYLE = Automatic;
				INFOPLIST_FILE = SwiftCode10/Info.plist;
				LD_RUNPATH_SEARCH_PATHS = (
					"$(inherited)",
					"@executable_path/Frameworks",
				);
				PRODUCT_BUNDLE_IDENTIFIER = com.centaline.SwiftCode10;
				PRODUCT_NAME = "$(TARGET_NAME)";
				SWIFT_VERSION = 4.2;
				TARGETED_DEVICE_FAMILY = "1,2";
			};
			name = Debug;
		};
		CF5BE68D21C2384C000B6BA3 /* Release */ = {
			isa = XCBuildConfiguration;
			buildSettings = {
				ASSETCATALOG_COMPILER_APPICON_NAME = AppIcon;
				CODE_SIGN_STYLE = Automatic;
				INFOPLIST_FILE = SwiftCode10/Info.plist;
				LD_RUNPATH_SEARCH_PATHS = (
					"$(inherited)",
					"@executable_path/Frameworks",
				);
				PRODUCT_BUNDLE_IDENTIFIER = com.centaline.SwiftCode10;
				PRODUCT_NAME = "$(TARGET_NAME)";
				SWIFT_VERSION = 4.2;
				TARGETED_DEVICE_FAMILY = "1,2";
			};
			name = Release;
		};
		CF5BE68F21C2384C000B6BA3 /* Debug */ = {
			isa = XCBuildConfiguration;
			buildSettings = {
				ALWAYS_EMBED_SWIFT_STANDARD_LIBRARIES = YES;
				CODE_SIGN_STYLE = Automatic;
				INFOPLIST_FILE = SwiftCode10UITests/Info.plist;
				LD_RUNPATH_SEARCH_PATHS = (
					"$(inherited)",
					"@executable_path/Frameworks",
					"@loader_path/Frameworks",
				);
				PRODUCT_BUNDLE_IDENTIFIER = com.centaline.SwiftCode10UITests;
				PRODUCT_NAME = "$(TARGET_NAME)";
				SWIFT_VERSION = 4.2;
				TARGETED_DEVICE_FAMILY = "1,2";
				TEST_TARGET_NAME = SwiftCode10;
			};
			name = Debug;
		};
		CF5BE69021C2384C000B6BA3 /* Release */ = {
			isa = XCBuildConfiguration;
			buildSettings = {
				ALWAYS_EMBED_SWIFT_STANDARD_LIBRARIES = YES;
				CODE_SIGN_STYLE = Automatic;
				INFOPLIST_FILE = SwiftCode10UITests/Info.plist;
				LD_RUNPATH_SEARCH_PATHS = (
					"$(inherited)",
					"@executable_path/Frameworks",
					"@loader_path/Frameworks",
				);
				PRODUCT_BUNDLE_IDENTIFIER = com.centaline.SwiftCode10UITests;
				PRODUCT_NAME = "$(TARGET_NAME)";
				SWIFT_VERSION = 4.2;
				TARGETED_DEVICE_FAMILY = "1,2";
				TEST_TARGET_NAME = SwiftCode10;
			};
			name = Release;
		};
/* End XCBuildConfiguration section */

/* Begin XCConfigurationList section */
		CF5BE66921C2384B000B6BA3 /* Build configuration list for PBXProject "SwiftCode10" */ = {
			isa = XCConfigurationList;
			buildConfigurations = (
				CF5BE68921C2384C000B6BA3 /* Debug */,
				CF5BE68A21C2384C000B6BA3 /* Release */,
			);
			defaultConfigurationIsVisible = 0;
			defaultConfigurationName = Release;
		};
		CF5BE68B21C2384C000B6BA3 /* Build configuration list for PBXNativeTarget "SwiftCode10" */ = {
			isa = XCConfigurationList;
			buildConfigurations = (
				CF5BE68C21C2384C000B6BA3 /* Debug */,
				CF5BE68D21C2384C000B6BA3 /* Release */,
			);
			defaultConfigurationIsVisible = 0;
			defaultConfigurationName = Release;
		};
		CF5BE68E21C2384C000B6BA3 /* Build configuration list for PBXNativeTarget "SwiftCode10UITests" */ = {
			isa = XCConfigurationList;
			buildConfigurations = (
				CF5BE68F21C2384C000B6BA3 /* Debug */,
				CF5BE69021C2384C000B6BA3 /* Release */,
			);
			defaultConfigurationIsVisible = 0;
			defaultConfigurationName = Release;
		};
/* End XCConfigurationList section */
	};
	rootObject = CF5BE66621C2384B000B6BA3 /* Project object */;
}
